
Microsoft Visual Studio Solution File, Format Version 12.00
# Visual Studio Version 17
VisualStudioVersion = 17.0.31903.59
MinimumVisualStudioVersion = 10.0.40219.1
Project("{FAE04EC0-301F-11D3-BF4B-00C04F79EFBC}") = "Huisartsenpraktijk.Client", "Huisartsenpraktijk.Client\Huisartsenpraktijk.Client.csproj", "{628C571F-14EB-409C-90E1-790727375CC1}"
EndProject
Project("{FAE04EC0-301F-11D3-BF4B-00C04F79EFBC}") = "Huisartsenpraktijk.Server", "Huisartsenpraktijk.Server\Huisartsenpraktijk.Server.csproj", "{7073A343-0E2E-4AC2-9A6E-1F67533D1044}"
EndProject
Project("{FAE04EC0-301F-11D3-BF4B-00C04F79EFBC}") = "Huisartsenpraktijk.Shared", "Huisartsenpraktijk.Shared\Huisartsenpraktijk.Shared.csproj", "{97E155D9-14EC-4BB8-8D69-013E85D80539}"
EndProject
Global
	GlobalSection(SolutionConfigurationPlatforms) = preSolution
		Debug|Any CPU = Debug|Any CPU
		Debug|x64 = Debug|x64
		Debug|x86 = Debug|x86
		Release|Any CPU = Release|Any CPU
		Release|x64 = Release|x64
		Release|x86 = Release|x86
	EndGlobalSection
	GlobalSection(ProjectConfigurationPlatforms) = postSolution
		{628C571F-14EB-409C-90E1-790727375CC1}.Debug|Any CPU.ActiveCfg = Debug|Any CPU
		{628C571F-14EB-409C-90E1-790727375CC1}.Debug|Any CPU.Build.0 = Debug|Any CPU
		{628C571F-14EB-409C-90E1-790727375CC1}.Debug|x64.ActiveCfg = Debug|Any CPU
		{628C571F-14EB-409C-90E1-790727375CC1}.Debug|x64.Build.0 = Debug|Any CPU
		{628C571F-14EB-409C-90E1-790727375CC1}.Debug|x86.ActiveCfg = Debug|Any CPU
		{628C571F-14EB-409C-90E1-790727375CC1}.Debug|x86.Build.0 = Debug|Any CPU
		{628C571F-14EB-409C-90E1-790727375CC1}.Release|Any CPU.ActiveCfg = Release|Any CPU
		{628C571F-14EB-409C-90E1-790727375CC1}.Release|Any CPU.Build.0 = Release|Any CPU
		{628C571F-14EB-409C-90E1-790727375CC1}.Release|x64.ActiveCfg = Release|Any CPU
		{628C571F-14EB-409C-90E1-790727375CC1}.Release|x64.Build.0 = Release|Any CPU
		{628C571F-14EB-409C-90E1-790727375CC1}.Release|x86.ActiveCfg = Release|Any CPU
		{628C571F-14EB-409C-90E1-790727375CC1}.Release|x86.Build.0 = Release|Any CPU
		{7073A343-0E2E-4AC2-9A6E-1F67533D1044}.Debug|Any CPU.ActiveCfg = Debug|Any CPU
		{7073A343-0E2E-4AC2-9A6E-1F67533D1044}.Debug|Any CPU.Build.0 = Debug|Any CPU
		{7073A343-0E2E-4AC2-9A6E-1F67533D1044}.Debug|x64.ActiveCfg = Debug|Any CPU
		{7073A343-0E2E-4AC2-9A6E-1F67533D1044}.Debug|x64.Build.0 = Debug|Any CPU
		{7073A343-0E2E-4AC2-9A6E-1F67533D1044}.Debug|x86.ActiveCfg = Debug|Any CPU
		{7073A343-0E2E-4AC2-9A6E-1F67533D1044}.Debug|x86.Build.0 = Debug|Any CPU
		{7073A343-0E2E-4AC2-9A6E-1F67533D1044}.Release|Any CPU.ActiveCfg = Release|Any CPU
		{7073A343-0E2E-4AC2-9A6E-1F67533D1044}.Release|Any CPU.Build.0 = Release|Any CPU
		{7073A343-0E2E-4AC2-9A6E-1F67533D1044}.Release|x64.ActiveCfg = Release|Any CPU
		{7073A343-0E2E-4AC2-9A6E-1F67533D1044}.Release|x64.Build.0 = Release|Any CPU
		{7073A343-0E2E-4AC2-9A6E-1F67533D1044}.Release|x86.ActiveCfg = Release|Any CPU
		{7073A343-0E2E-4AC2-9A6E-1F67533D1044}.Release|x86.Build.0 = Release|Any CPU
		{97E155D9-14EC-4BB8-8D69-013E85D80539}.Debug|Any CPU.ActiveCfg = Debug|Any CPU
		{97E155D9-14EC-4BB8-8D69-013E85D80539}.Debug|Any CPU.Build.0 = Debug|Any CPU
		{97E155D9-14EC-4BB8-8D69-013E85D80539}.Debug|x64.ActiveCfg = Debug|Any CPU
		{97E155D9-14EC-4BB8-8D69-013E85D80539}.Debug|x64.Build.0 = Debug|Any CPU
		{97E155D9-14EC-4BB8-8D69-013E85D80539}.Debug|x86.ActiveCfg = Debug|Any CPU
		{97E155D9-14EC-4BB8-8D69-013E85D80539}.Debug|x86.Build.0 = Debug|Any CPU
		{97E155D9-14EC-4BB8-8D69-013E85D80539}.Release|Any CPU.ActiveCfg = Release|Any CPU
		{97E155D9-14EC-4BB8-8D69-013E85D80539}.Release|Any CPU.Build.0 = Release|Any CPU
		{97E155D9-14EC-4BB8-8D69-013E85D80539}.Release|x64.ActiveCfg = Release|Any CPU
		{97E155D9-14EC-4BB8-8D69-013E85D80539}.Release|x64.Build.0 = Release|Any CPU
		{97E155D9-14EC-4BB8-8D69-013E85D80539}.Release|x86.ActiveCfg = Release|Any CPU
		{97E155D9-14EC-4BB8-8D69-013E85D80539}.Release|x86.Build.0 = Release|Any CPU
	EndGlobalSection
	GlobalSection(SolutionProperties) = preSolution
		HideSolutionNode = FALSE
	EndGlobalSection
EndGlobal
